
Microsoft Visual Studio Solution File, Format Version 12.00
# Visual Studio Version 17
VisualStudioVersion = 17.12.35514.174
MinimumVisualStudioVersion = 10.0.40219.1
Project("{9A19103F-16F7-4668-BE54-9A1E7A4F7556}") = "01", "01\01.csproj", "{00F730DC-3C2B-4472-A647-7989E5696116}"
EndProject
Project("{9A19103F-16F7-4668-BE54-9A1E7A4F7556}") = "Setup", "Setup\Setup.csproj", "{962ABA74-CA83-4242-BE64-D6C353DEAD5C}"
EndProject
Project("{9A19103F-16F7-4668-BE54-9A1E7A4F7556}") = "02", "02\02.csproj", "{CA0D28D0-B068-428B-8B41-6862070E6293}"
EndProject
Project("{9A19103F-16F7-4668-BE54-9A1E7A4F7556}") = "03", "03\03.csproj", "{5F2B3924-085F-4A43-BF61-5767C4714AFE}"
EndProject
Project("{9A19103F-16F7-4668-BE54-9A1E7A4F7556}") = "04", "04\04.csproj", "{AC7F6AAF-1235-4083-A98F-82FE0A4CC106}"
EndProject
Project("{9A19103F-16F7-4668-BE54-9A1E7A4F7556}") = "05", "05\05.csproj", "{C41BDBCF-8872-4317-840F-06A153074DE2}"
EndProject
Project("{9A19103F-16F7-4668-BE54-9A1E7A4F7556}") = "Helper", "Helper\Helper.csproj", "{403D6F04-B8F4-4F95-81E9-B0D480EF4CAD}"
EndProject
Project("{9A19103F-16F7-4668-BE54-9A1E7A4F7556}") = "06", "06\06.csproj", "{163463B7-E5F7-4798-9911-275A4C39B78C}"
EndProject
Project("{9A19103F-16F7-4668-BE54-9A1E7A4F7556}") = "07", "07\07.csproj", "{700C38ED-25D1-456B-844D-D215BEBF64F4}"
EndProject
Project("{9A19103F-16F7-4668-BE54-9A1E7A4F7556}") = "08", "08\08.csproj", "{35CD466C-A5CA-43FE-BE1D-6C7A89DAB25A}"
EndProject
Project("{9A19103F-16F7-4668-BE54-9A1E7A4F7556}") = "09", "09\09.csproj", "{21301155-D7B7-4849-8095-A5F9F727335B}"
EndProject
Project("{9A19103F-16F7-4668-BE54-9A1E7A4F7556}") = "10", "10\10.csproj", "{0AF88268-10A9-48A1-812C-EF96C6B70243}"
EndProject
Project("{9A19103F-16F7-4668-BE54-9A1E7A4F7556}") = "11", "11\11.csproj", "{D2623570-12E7-443E-8720-541D59DA5DAE}"
EndProject
Project("{9A19103F-16F7-4668-BE54-9A1E7A4F7556}") = "12", "12\12.csproj", "{26A6C551-0136-4F75-92BB-1B4442056299}"
EndProject
Project("{9A19103F-16F7-4668-BE54-9A1E7A4F7556}") = "14", "14\14.csproj", "{D40B10FC-AD96-44BB-8D88-F65C2C1D3E9D}"
EndProject
Project("{9A19103F-16F7-4668-BE54-9A1E7A4F7556}") = "15", "15\15.csproj", "{60C3DC64-0FFF-4CF2-AD74-6D524045DBFD}"
EndProject
Project("{9A19103F-16F7-4668-BE54-9A1E7A4F7556}") = "13", "13\13.csproj", "{B2341297-4580-48A5-9170-B85567F18C45}"
EndProject
Project("{FAE04EC0-301F-11D3-BF4B-00C04F79EFBC}") = "16", "16\16.csproj", "{061E8B5A-A1BC-41BB-8C4A-DE0DC95FA041}"
EndProject
Project("{FAE04EC0-301F-11D3-BF4B-00C04F79EFBC}") = "17", "17\17.csproj", "{28F72EBF-B4C7-4AC2-83A6-D8D55421A3B9}"
EndProject
Project("{FAE04EC0-301F-11D3-BF4B-00C04F79EFBC}") = "18", "18\18.csproj", "{FEF74E79-3314-4C6A-B5A9-8B7A47DA0C89}"
EndProject
Global
	GlobalSection(SolutionConfigurationPlatforms) = preSolution
		Debug|Any CPU = Debug|Any CPU
		Release|Any CPU = Release|Any CPU
	EndGlobalSection
	GlobalSection(ProjectConfigurationPlatforms) = postSolution
		{00F730DC-3C2B-4472-A647-7989E5696116}.Debug|Any CPU.ActiveCfg = Debug|Any CPU
		{00F730DC-3C2B-4472-A647-7989E5696116}.Debug|Any CPU.Build.0 = Debug|Any CPU
		{00F730DC-3C2B-4472-A647-7989E5696116}.Release|Any CPU.ActiveCfg = Release|Any CPU
		{00F730DC-3C2B-4472-A647-7989E5696116}.Release|Any CPU.Build.0 = Release|Any CPU
		{962ABA74-CA83-4242-BE64-D6C353DEAD5C}.Debug|Any CPU.ActiveCfg = Debug|Any CPU
		{962ABA74-CA83-4242-BE64-D6C353DEAD5C}.Debug|Any CPU.Build.0 = Debug|Any CPU
		{962ABA74-CA83-4242-BE64-D6C353DEAD5C}.Release|Any CPU.ActiveCfg = Release|Any CPU
		{962ABA74-CA83-4242-BE64-D6C353DEAD5C}.Release|Any CPU.Build.0 = Release|Any CPU
		{CA0D28D0-B068-428B-8B41-6862070E6293}.Debug|Any CPU.ActiveCfg = Debug|Any CPU
		{CA0D28D0-B068-428B-8B41-6862070E6293}.Debug|Any CPU.Build.0 = Debug|Any CPU
		{CA0D28D0-B068-428B-8B41-6862070E6293}.Release|Any CPU.ActiveCfg = Release|Any CPU
		{CA0D28D0-B068-428B-8B41-6862070E6293}.Release|Any CPU.Build.0 = Release|Any CPU
		{5F2B3924-085F-4A43-BF61-5767C4714AFE}.Debug|Any CPU.ActiveCfg = Debug|Any CPU
		{5F2B3924-085F-4A43-BF61-5767C4714AFE}.Debug|Any CPU.Build.0 = Debug|Any CPU
		{5F2B3924-085F-4A43-BF61-5767C4714AFE}.Release|Any CPU.ActiveCfg = Release|Any CPU
		{5F2B3924-085F-4A43-BF61-5767C4714AFE}.Release|Any CPU.Build.0 = Release|Any CPU
		{AC7F6AAF-1235-4083-A98F-82FE0A4CC106}.Debug|Any CPU.ActiveCfg = Debug|Any CPU
		{AC7F6AAF-1235-4083-A98F-82FE0A4CC106}.Debug|Any CPU.Build.0 = Debug|Any CPU
		{AC7F6AAF-1235-4083-A98F-82FE0A4CC106}.Release|Any CPU.ActiveCfg = Release|Any CPU
		{AC7F6AAF-1235-4083-A98F-82FE0A4CC106}.Release|Any CPU.Build.0 = Release|Any CPU
		{C41BDBCF-8872-4317-840F-06A153074DE2}.Debug|Any CPU.ActiveCfg = Debug|Any CPU
		{C41BDBCF-8872-4317-840F-06A153074DE2}.Debug|Any CPU.Build.0 = Debug|Any CPU
		{C41BDBCF-8872-4317-840F-06A153074DE2}.Release|Any CPU.ActiveCfg = Release|Any CPU
		{C41BDBCF-8872-4317-840F-06A153074DE2}.Release|Any CPU.Build.0 = Release|Any CPU
		{403D6F04-B8F4-4F95-81E9-B0D480EF4CAD}.Debug|Any CPU.ActiveCfg = Debug|Any CPU
		{403D6F04-B8F4-4F95-81E9-B0D480EF4CAD}.Debug|Any CPU.Build.0 = Debug|Any CPU
		{403D6F04-B8F4-4F95-81E9-B0D480EF4CAD}.Release|Any CPU.ActiveCfg = Release|Any CPU
		{403D6F04-B8F4-4F95-81E9-B0D480EF4CAD}.Release|Any CPU.Build.0 = Release|Any CPU
		{163463B7-E5F7-4798-9911-275A4C39B78C}.Debug|Any CPU.ActiveCfg = Debug|Any CPU
		{163463B7-E5F7-4798-9911-275A4C39B78C}.Debug|Any CPU.Build.0 = Debug|Any CPU
		{163463B7-E5F7-4798-9911-275A4C39B78C}.Release|Any CPU.ActiveCfg = Release|Any CPU
		{163463B7-E5F7-4798-9911-275A4C39B78C}.Release|Any CPU.Build.0 = Release|Any CPU
		{700C38ED-25D1-456B-844D-D215BEBF64F4}.Debug|Any CPU.ActiveCfg = Debug|Any CPU
		{700C38ED-25D1-456B-844D-D215BEBF64F4}.Debug|Any CPU.Build.0 = Debug|Any CPU
		{700C38ED-25D1-456B-844D-D215BEBF64F4}.Release|Any CPU.ActiveCfg = Release|Any CPU
		{700C38ED-25D1-456B-844D-D215BEBF64F4}.Release|Any CPU.Build.0 = Release|Any CPU
		{35CD466C-A5CA-43FE-BE1D-6C7A89DAB25A}.Debug|Any CPU.ActiveCfg = Debug|Any CPU
		{35CD466C-A5CA-43FE-BE1D-6C7A89DAB25A}.Debug|Any CPU.Build.0 = Debug|Any CPU
		{35CD466C-A5CA-43FE-BE1D-6C7A89DAB25A}.Release|Any CPU.ActiveCfg = Release|Any CPU
		{35CD466C-A5CA-43FE-BE1D-6C7A89DAB25A}.Release|Any CPU.Build.0 = Release|Any CPU
		{21301155-D7B7-4849-8095-A5F9F727335B}.Debug|Any CPU.ActiveCfg = Debug|Any CPU
		{21301155-D7B7-4849-8095-A5F9F727335B}.Debug|Any CPU.Build.0 = Debug|Any CPU
		{21301155-D7B7-4849-8095-A5F9F727335B}.Release|Any CPU.ActiveCfg = Release|Any CPU
		{21301155-D7B7-4849-8095-A5F9F727335B}.Release|Any CPU.Build.0 = Release|Any CPU
		{0AF88268-10A9-48A1-812C-EF96C6B70243}.Debug|Any CPU.ActiveCfg = Debug|Any CPU
		{0AF88268-10A9-48A1-812C-EF96C6B70243}.Debug|Any CPU.Build.0 = Debug|Any CPU
		{0AF88268-10A9-48A1-812C-EF96C6B70243}.Release|Any CPU.ActiveCfg = Release|Any CPU
		{0AF88268-10A9-48A1-812C-EF96C6B70243}.Release|Any CPU.Build.0 = Release|Any CPU
		{D2623570-12E7-443E-8720-541D59DA5DAE}.Debug|Any CPU.ActiveCfg = Debug|Any CPU
		{D2623570-12E7-443E-8720-541D59DA5DAE}.Debug|Any CPU.Build.0 = Debug|Any CPU
		{D2623570-12E7-443E-8720-541D59DA5DAE}.Release|Any CPU.ActiveCfg = Release|Any CPU
		{D2623570-12E7-443E-8720-541D59DA5DAE}.Release|Any CPU.Build.0 = Release|Any CPU
		{26A6C551-0136-4F75-92BB-1B4442056299}.Debug|Any CPU.ActiveCfg = Debug|Any CPU
		{26A6C551-0136-4F75-92BB-1B4442056299}.Debug|Any CPU.Build.0 = Debug|Any CPU
		{26A6C551-0136-4F75-92BB-1B4442056299}.Release|Any CPU.ActiveCfg = Release|Any CPU
		{26A6C551-0136-4F75-92BB-1B4442056299}.Release|Any CPU.Build.0 = Release|Any CPU
		{D40B10FC-AD96-44BB-8D88-F65C2C1D3E9D}.Debug|Any CPU.ActiveCfg = Debug|Any CPU
		{D40B10FC-AD96-44BB-8D88-F65C2C1D3E9D}.Debug|Any CPU.Build.0 = Debug|Any CPU
		{D40B10FC-AD96-44BB-8D88-F65C2C1D3E9D}.Release|Any CPU.ActiveCfg = Release|Any CPU
		{D40B10FC-AD96-44BB-8D88-F65C2C1D3E9D}.Release|Any CPU.Build.0 = Release|Any CPU
		{60C3DC64-0FFF-4CF2-AD74-6D524045DBFD}.Debug|Any CPU.ActiveCfg = Debug|Any CPU
		{60C3DC64-0FFF-4CF2-AD74-6D524045DBFD}.Debug|Any CPU.Build.0 = Debug|Any CPU
		{60C3DC64-0FFF-4CF2-AD74-6D524045DBFD}.Release|Any CPU.ActiveCfg = Release|Any CPU
		{60C3DC64-0FFF-4CF2-AD74-6D524045DBFD}.Release|Any CPU.Build.0 = Release|Any CPU
		{B2341297-4580-48A5-9170-B85567F18C45}.Debug|Any CPU.ActiveCfg = Debug|Any CPU
		{B2341297-4580-48A5-9170-B85567F18C45}.Debug|Any CPU.Build.0 = Debug|Any CPU
		{B2341297-4580-48A5-9170-B85567F18C45}.Release|Any CPU.ActiveCfg = Release|Any CPU
		{B2341297-4580-48A5-9170-B85567F18C45}.Release|Any CPU.Build.0 = Release|Any CPU
		{061E8B5A-A1BC-41BB-8C4A-DE0DC95FA041}.Debug|Any CPU.ActiveCfg = Debug|Any CPU
		{061E8B5A-A1BC-41BB-8C4A-DE0DC95FA041}.Debug|Any CPU.Build.0 = Debug|Any CPU
		{061E8B5A-A1BC-41BB-8C4A-DE0DC95FA041}.Release|Any CPU.ActiveCfg = Release|Any CPU
		{061E8B5A-A1BC-41BB-8C4A-DE0DC95FA041}.Release|Any CPU.Build.0 = Release|Any CPU
		{28F72EBF-B4C7-4AC2-83A6-D8D55421A3B9}.Debug|Any CPU.ActiveCfg = Debug|Any CPU
		{28F72EBF-B4C7-4AC2-83A6-D8D55421A3B9}.Debug|Any CPU.Build.0 = Debug|Any CPU
		{28F72EBF-B4C7-4AC2-83A6-D8D55421A3B9}.Release|Any CPU.ActiveCfg = Release|Any CPU
		{28F72EBF-B4C7-4AC2-83A6-D8D55421A3B9}.Release|Any CPU.Build.0 = Release|Any CPU
		{FEF74E79-3314-4C6A-B5A9-8B7A47DA0C89}.Debug|Any CPU.ActiveCfg = Debug|Any CPU
		{FEF74E79-3314-4C6A-B5A9-8B7A47DA0C89}.Debug|Any CPU.Build.0 = Debug|Any CPU
		{FEF74E79-3314-4C6A-B5A9-8B7A47DA0C89}.Release|Any CPU.ActiveCfg = Release|Any CPU
		{FEF74E79-3314-4C6A-B5A9-8B7A47DA0C89}.Release|Any CPU.Build.0 = Release|Any CPU
	EndGlobalSection
	GlobalSection(SolutionProperties) = preSolution
		HideSolutionNode = FALSE
	EndGlobalSection
	GlobalSection(ExtensibilityGlobals) = postSolution
		SolutionGuid = {490BD3F7-A599-4CDE-991F-07ADFCDE6EE9}
	EndGlobalSection
EndGlobal
