
Microsoft Visual Studio Solution File, Format Version 12.00
# Visual Studio Version 17
VisualStudioVersion = 17.12.35514.174
MinimumVisualStudioVersion = 10.0.40219.1
Project("{9A19103F-16F7-4668-BE54-9A1E7A4F7556}") = "01", "01\01.csproj", "{00F730DC-3C2B-4472-A647-7989E5696116}"
EndProject
Project("{9A19103F-16F7-4668-BE54-9A1E7A4F7556}") = "Setup", "Setup\Setup.csproj", "{962ABA74-CA83-4242-BE64-D6C353DEAD5C}"
EndProject
Project("{9A19103F-16F7-4668-BE54-9A1E7A4F7556}") = "02", "02\02.csproj", "{CA0D28D0-B068-428B-8B41-6862070E6293}"
EndProject
Project("{FAE04EC0-301F-11D3-BF4B-00C04F79EFBC}") = "Day01", "Day01\Day01.csproj", "{DBDDB4FC-F6A9-4E38-9FF8-FA2D21432304}"
EndProject
Project("{9A19103F-16F7-4668-BE54-9A1E7A4F7556}") = "03", "03\03.csproj", "{5F2B3924-085F-4A43-BF61-5767C4714AFE}"
EndProject
Project("{9A19103F-16F7-4668-BE54-9A1E7A4F7556}") = "04", "04\04.csproj", "{AC7F6AAF-1235-4083-A98F-82FE0A4CC106}"
EndProject
Project("{9A19103F-16F7-4668-BE54-9A1E7A4F7556}") = "05", "05\05.csproj", "{C41BDBCF-8872-4317-840F-06A153074DE2}"
EndProject
Project("{FAE04EC0-301F-11D3-BF4B-00C04F79EFBC}") = "Helper", "Helper\Helper.csproj", "{403D6F04-B8F4-4F95-81E9-B0D480EF4CAD}"
EndProject
Project("{FAE04EC0-301F-11D3-BF4B-00C04F79EFBC}") = "06", "06\06.csproj", "{163463B7-E5F7-4798-9911-275A4C39B78C}"
EndProject
Global
	GlobalSection(SolutionConfigurationPlatforms) = preSolution
		Debug|Any CPU = Debug|Any CPU
		Release|Any CPU = Release|Any CPU
	EndGlobalSection
	GlobalSection(ProjectConfigurationPlatforms) = postSolution
		{00F730DC-3C2B-4472-A647-7989E5696116}.Debug|Any CPU.ActiveCfg = Debug|Any CPU
		{00F730DC-3C2B-4472-A647-7989E5696116}.Debug|Any CPU.Build.0 = Debug|Any CPU
		{00F730DC-3C2B-4472-A647-7989E5696116}.Release|Any CPU.ActiveCfg = Release|Any CPU
		{00F730DC-3C2B-4472-A647-7989E5696116}.Release|Any CPU.Build.0 = Release|Any CPU
		{962ABA74-CA83-4242-BE64-D6C353DEAD5C}.Debug|Any CPU.ActiveCfg = Debug|Any CPU
		{962ABA74-CA83-4242-BE64-D6C353DEAD5C}.Debug|Any CPU.Build.0 = Debug|Any CPU
		{962ABA74-CA83-4242-BE64-D6C353DEAD5C}.Release|Any CPU.ActiveCfg = Release|Any CPU
		{962ABA74-CA83-4242-BE64-D6C353DEAD5C}.Release|Any CPU.Build.0 = Release|Any CPU
		{CA0D28D0-B068-428B-8B41-6862070E6293}.Debug|Any CPU.ActiveCfg = Debug|Any CPU
		{CA0D28D0-B068-428B-8B41-6862070E6293}.Debug|Any CPU.Build.0 = Debug|Any CPU
		{CA0D28D0-B068-428B-8B41-6862070E6293}.Release|Any CPU.ActiveCfg = Release|Any CPU
		{CA0D28D0-B068-428B-8B41-6862070E6293}.Release|Any CPU.Build.0 = Release|Any CPU
		{DBDDB4FC-F6A9-4E38-9FF8-FA2D21432304}.Debug|Any CPU.ActiveCfg = Debug|Any CPU
		{DBDDB4FC-F6A9-4E38-9FF8-FA2D21432304}.Debug|Any CPU.Build.0 = Debug|Any CPU
		{DBDDB4FC-F6A9-4E38-9FF8-FA2D21432304}.Release|Any CPU.ActiveCfg = Release|Any CPU
		{DBDDB4FC-F6A9-4E38-9FF8-FA2D21432304}.Release|Any CPU.Build.0 = Release|Any CPU
		{5F2B3924-085F-4A43-BF61-5767C4714AFE}.Debug|Any CPU.ActiveCfg = Debug|Any CPU
		{5F2B3924-085F-4A43-BF61-5767C4714AFE}.Debug|Any CPU.Build.0 = Debug|Any CPU
		{5F2B3924-085F-4A43-BF61-5767C4714AFE}.Release|Any CPU.ActiveCfg = Release|Any CPU
		{5F2B3924-085F-4A43-BF61-5767C4714AFE}.Release|Any CPU.Build.0 = Release|Any CPU
		{AC7F6AAF-1235-4083-A98F-82FE0A4CC106}.Debug|Any CPU.ActiveCfg = Debug|Any CPU
		{AC7F6AAF-1235-4083-A98F-82FE0A4CC106}.Debug|Any CPU.Build.0 = Debug|Any CPU
		{AC7F6AAF-1235-4083-A98F-82FE0A4CC106}.Release|Any CPU.ActiveCfg = Release|Any CPU
		{AC7F6AAF-1235-4083-A98F-82FE0A4CC106}.Release|Any CPU.Build.0 = Release|Any CPU
		{C41BDBCF-8872-4317-840F-06A153074DE2}.Debug|Any CPU.ActiveCfg = Debug|Any CPU
		{C41BDBCF-8872-4317-840F-06A153074DE2}.Debug|Any CPU.Build.0 = Debug|Any CPU
		{C41BDBCF-8872-4317-840F-06A153074DE2}.Release|Any CPU.ActiveCfg = Release|Any CPU
		{C41BDBCF-8872-4317-840F-06A153074DE2}.Release|Any CPU.Build.0 = Release|Any CPU
		{403D6F04-B8F4-4F95-81E9-B0D480EF4CAD}.Debug|Any CPU.ActiveCfg = Debug|Any CPU
		{403D6F04-B8F4-4F95-81E9-B0D480EF4CAD}.Debug|Any CPU.Build.0 = Debug|Any CPU
		{403D6F04-B8F4-4F95-81E9-B0D480EF4CAD}.Release|Any CPU.ActiveCfg = Release|Any CPU
		{403D6F04-B8F4-4F95-81E9-B0D480EF4CAD}.Release|Any CPU.Build.0 = Release|Any CPU
		{163463B7-E5F7-4798-9911-275A4C39B78C}.Debug|Any CPU.ActiveCfg = Debug|Any CPU
		{163463B7-E5F7-4798-9911-275A4C39B78C}.Debug|Any CPU.Build.0 = Debug|Any CPU
		{163463B7-E5F7-4798-9911-275A4C39B78C}.Release|Any CPU.ActiveCfg = Release|Any CPU
		{163463B7-E5F7-4798-9911-275A4C39B78C}.Release|Any CPU.Build.0 = Release|Any CPU
	EndGlobalSection
	GlobalSection(SolutionProperties) = preSolution
		HideSolutionNode = FALSE
	EndGlobalSection
	GlobalSection(ExtensibilityGlobals) = postSolution
		SolutionGuid = {490BD3F7-A599-4CDE-991F-07ADFCDE6EE9}
	EndGlobalSection
EndGlobal
